version = 1
revision = 3
requires-python = ">=3.14"

[[package]]
name = "lab25"
version = "0.1.0"
source = { virtual = "." }
dependencies = [
    { name = "requirements-py" },
]

[package.metadata]
requires-dist = [{ name = "requirements-py", specifier = ">=1.0.1" }]

[[package]]
name = "packaging"
version = "26.2"
source = { registry = "https://pypi.org/simple" }
sdist = { url = "https://files.pythonhosted.org/packages/d7/f1/e7a6dd94a8d4a5626c03e4e99c87f241ba9e350cd9e6d75123f992427270/packaging-26.2.tar.gz", hash = "sha256:ff452ff5a3e828ce110190feff1178bb1f2ea2281fa2075aadb987c2fb221661", size = 228134, upload-time = "2026-04-24T20:15:23.917Z" }
wheels = [
    { url = "https://files.pythonhosted.org/packages/df/b2/87e62e8c3e2f4b32e5fe99e0b86d576da1312593b39f47d8ceef365e95ed/packaging-26.2-py3-none-any.whl", hash = "sha256:5fc45236b9446107ff2415ce77c807cee2862cb6fac22b8a73826d0693b0980e", size = 100195, upload-time = "2026-04-24T20:15:22.081Z" },
]

[[package]]
name = "pip"
version = "26.1.2"
source = { registry = "https://pypi.org/simple" }
sdist = { url = "https://files.pythonhosted.org/packages/01/91/47e7d486260f618783899587af63ccf7980fb60245c3e63dd4571c6b57ad/pip-26.1.2.tar.gz", hash = "sha256:f49cd134c61cf2fd75e0ce2676db03e4054504a5a4986d00f8299ae632dc4605", size = 1840799, upload-time = "2026-05-31T17:33:58.56Z" }
wheels = [
    { url = "https://files.pythonhosted.org/packages/5d/95/6b5cb3461ea5673ba0995989746db58eb18b91b54dbf331e72f569540946/pip-26.1.2-py3-none-any.whl", hash = "sha256:382ff9f685ee3bc25864f820aa50505825f10f5458ffff07e30a6d96e5715cab", size = 1813144, upload-time = "2026-05-31T17:33:56.772Z" },
]

[[package]]
name = "requirements-py"
version = "1.0.1"
source = { registry = "https://pypi.org/simple" }
dependencies = [
    { name = "packaging" },
    { name = "pip" },
]
sdist = { url = "https://files.pythonhosted.org/packages/da/e2/c2d9cb41fa6ea5d17a817ecf5befb97959e100c3c20caff9216762914d47/requirements.py-1.0.1.tar.gz", hash = "sha256:abd71adc6a9ce564c04b602f7ab75586a9888563b9154fa55fe95e5feae07648", size = 17302, upload-time = "2023-03-27T08:27:13.947Z" }
wheels = [
    { url = "https://files.pythonhosted.org/packages/03/9f/63c3fa5b29a9c052065f60de2da10944e2dc33d575b938c2ad75a81a87c3/requirements.py-1.0.1-py3-none-any.whl", hash = "sha256:6d31ad8274f52058a7f339131831ecc279087fe44fe46ed829071590193e3a41", size = 18311, upload-time = "2023-03-27T08:27:11.458Z" },
]
